
Microsoft Visual Studio Solution File, Format Version 11.00
# Visual Studio 2010
Project("{FAE04EC0-301F-11D3-BF4B-00C04F79EFBC}") = "FTERPWeb", "FTERPWeb\FTERPWeb.csproj", "{587444A7-3CA0-4AE2-9129-82C63EF8260D}"
EndProject
Project("{FAE04EC0-301F-11D3-BF4B-00C04F79EFBC}") = "FTERPStatic", "FTERPStatic\FTERPStatic.csproj", "{A8C482CF-A4BF-4C8F-8CF9-0D02C97953F3}"
EndProject
Project("{FAE04EC0-301F-11D3-BF4B-00C04F79EFBC}") = "FTERPCommon", "FTERPCommon\FTERPCommon.csproj", "{2A2D552E-1A45-4BE6-8188-E28EF8674AF8}"
EndProject
Global
	GlobalSection(SolutionConfigurationPlatforms) = preSolution
		Debug|Any CPU = Debug|Any CPU
		Release|Any CPU = Release|Any CPU
	EndGlobalSection
	GlobalSection(ProjectConfigurationPlatforms) = postSolution
		{587444A7-3CA0-4AE2-9129-82C63EF8260D}.Debug|Any CPU.ActiveCfg = Debug|Any CPU
		{587444A7-3CA0-4AE2-9129-82C63EF8260D}.Debug|Any CPU.Build.0 = Debug|Any CPU
		{587444A7-3CA0-4AE2-9129-82C63EF8260D}.Release|Any CPU.ActiveCfg = Release|Any CPU
		{587444A7-3CA0-4AE2-9129-82C63EF8260D}.Release|Any CPU.Build.0 = Release|Any CPU
		{A8C482CF-A4BF-4C8F-8CF9-0D02C97953F3}.Debug|Any CPU.ActiveCfg = Debug|Any CPU
		{A8C482CF-A4BF-4C8F-8CF9-0D02C97953F3}.Debug|Any CPU.Build.0 = Debug|Any CPU
		{A8C482CF-A4BF-4C8F-8CF9-0D02C97953F3}.Release|Any CPU.ActiveCfg = Release|Any CPU
		{A8C482CF-A4BF-4C8F-8CF9-0D02C97953F3}.Release|Any CPU.Build.0 = Release|Any CPU
		{2A2D552E-1A45-4BE6-8188-E28EF8674AF8}.Debug|Any CPU.ActiveCfg = Debug|Any CPU
		{2A2D552E-1A45-4BE6-8188-E28EF8674AF8}.Debug|Any CPU.Build.0 = Debug|Any CPU
		{2A2D552E-1A45-4BE6-8188-E28EF8674AF8}.Release|Any CPU.ActiveCfg = Release|Any CPU
		{2A2D552E-1A45-4BE6-8188-E28EF8674AF8}.Release|Any CPU.Build.0 = Release|Any CPU
	EndGlobalSection
	GlobalSection(SolutionProperties) = preSolution
		HideSolutionNode = FALSE
	EndGlobalSection
EndGlobal
